{
  "name": "nexveda-technology",
  "version": "1.0.0",
  "lockfileVersion": 3,
  "requires": true,
  "packages": {
    "": {
      "name": "nexveda-technology",
      "version": "1.0.0",
      "license": "ISC",
      "devDependencies": {
        "@babel/standalone": "^8.0.4"
      }
    },
    "node_modules/@babel/standalone": {
      "version": "8.0.4",
      "resolved": "https://registry.npmjs.org/@babel/standalone/-/standalone-8.0.4.tgz",
      "integrity": "sha512-z8WgyJCfEl7qGAfJJksICOL5zQPpfwa6Yew+91Txf1k3xuDtlDdDe5GX2QdIhgx0HD7oYOCLoF8Y6CwNdawJwQ==",
      "dev": true,
      "engines": {
        "node": "^22.18.0 || >=24.11.0"
      }
    }
  }
}
